
Microsoft Visual Studio Solution File, Format Version 12.00
# Visual Studio Version 17
VisualStudioVersion = 17.11.35327.3
MinimumVisualStudioVersion = 10.0.40219.1
Project("{FAE04EC0-301F-11D3-BF4B-00C04F79EFBC}") = "ShapeForm", "ShapeForm\ShapeForm.csproj", "{119B91B2-739E-4105-A3EE-9546D0C8E387}"
EndProject
Global
	GlobalSection(SolutionConfigurationPlatforms) = preSolution
		Debug|Any CPU = Debug|Any CPU
		Release|Any CPU = Release|Any CPU
	EndGlobalSection
	GlobalSection(ProjectConfigurationPlatforms) = postSolution
		{119B91B2-739E-4105-A3EE-9546D0C8E387}.Debug|Any CPU.ActiveCfg = Debug|Any CPU
		{119B91B2-739E-4105-A3EE-9546D0C8E387}.Debug|Any CPU.Build.0 = Debug|Any CPU
		{119B91B2-739E-4105-A3EE-9546D0C8E387}.Release|Any CPU.ActiveCfg = Release|Any CPU
		{119B91B2-739E-4105-A3EE-9546D0C8E387}.Release|Any CPU.Build.0 = Release|Any CPU
	EndGlobalSection
	GlobalSection(SolutionProperties) = preSolution
		HideSolutionNode = FALSE
	EndGlobalSection
	GlobalSection(ExtensibilityGlobals) = postSolution
		SolutionGuid = {87A151C8-DA17-4393-9658-4F3F075C3DD8}
	EndGlobalSection
EndGlobal
